
Microsoft Visual Studio Solution File, Format Version 12.00
# Visual Studio Version 17
VisualStudioVersion = 17.8.34525.116
MinimumVisualStudioVersion = 10.0.40219.1
Project("{FAE04EC0-301F-11D3-BF4B-00C04F79EFBC}") = "Chapter01A", "Chapter01A\Chapter01A.csproj", "{3EA456DB-2FC1-459E-A2D5-7492B58BD239}"
EndProject
Global
	GlobalSection(SolutionConfigurationPlatforms) = preSolution
		Debug|Any CPU = Debug|Any CPU
		Release|Any CPU = Release|Any CPU
	EndGlobalSection
	GlobalSection(ProjectConfigurationPlatforms) = postSolution
		{3EA456DB-2FC1-459E-A2D5-7492B58BD239}.Debug|Any CPU.ActiveCfg = Debug|Any CPU
		{3EA456DB-2FC1-459E-A2D5-7492B58BD239}.Debug|Any CPU.Build.0 = Debug|Any CPU
		{3EA456DB-2FC1-459E-A2D5-7492B58BD239}.Release|Any CPU.ActiveCfg = Release|Any CPU
		{3EA456DB-2FC1-459E-A2D5-7492B58BD239}.Release|Any CPU.Build.0 = Release|Any CPU
	EndGlobalSection
	GlobalSection(SolutionProperties) = preSolution
		HideSolutionNode = FALSE
	EndGlobalSection
	GlobalSection(ExtensibilityGlobals) = postSolution
		SolutionGuid = {165CF656-5F01-4C67-9F19-88EFA8433D7F}
	EndGlobalSection
EndGlobal
