
Microsoft Visual Studio Solution File, Format Version 12.00
# Visual Studio Version 17
VisualStudioVersion = 17.8.34525.116
MinimumVisualStudioVersion = 10.0.40219.1
Project("{FAE04EC0-301F-11D3-BF4B-00C04F79EFBC}") = "Chapter01B-DotnetCoreMVC", "Chapter01B-DotnetCoreMVC\Chapter01B-DotnetCoreMVC.csproj", "{9742B350-65A5-4AAA-A610-11D4F3377A6B}"
EndProject
Global
	GlobalSection(SolutionConfigurationPlatforms) = preSolution
		Debug|Any CPU = Debug|Any CPU
		Release|Any CPU = Release|Any CPU
	EndGlobalSection
	GlobalSection(ProjectConfigurationPlatforms) = postSolution
		{9742B350-65A5-4AAA-A610-11D4F3377A6B}.Debug|Any CPU.ActiveCfg = Debug|Any CPU
		{9742B350-65A5-4AAA-A610-11D4F3377A6B}.Debug|Any CPU.Build.0 = Debug|Any CPU
		{9742B350-65A5-4AAA-A610-11D4F3377A6B}.Release|Any CPU.ActiveCfg = Release|Any CPU
		{9742B350-65A5-4AAA-A610-11D4F3377A6B}.Release|Any CPU.Build.0 = Release|Any CPU
	EndGlobalSection
	GlobalSection(SolutionProperties) = preSolution
		HideSolutionNode = FALSE
	EndGlobalSection
	GlobalSection(ExtensibilityGlobals) = postSolution
		SolutionGuid = {2EB97BA7-48E1-4AF3-8B36-FC638D5847D3}
	EndGlobalSection
EndGlobal
